
Microsoft Visual Studio Solution File, Format Version 12.00
# Visual Studio Version 17
VisualStudioVersion = 17.0.31903.59
MinimumVisualStudioVersion = 10.0.40219.1
Project("{2150E333-8FDC-42A3-9474-1A3956D46DE8}") = "Modules", "Modules", "{CA253913-39DE-BFD0-C9A3-4B7EC6FBDF17}"
EndProject
Project("{2150E333-8FDC-42A3-9474-1A3956D46DE8}") = "Shared", "Shared", "{4F52FD11-658E-A102-6CD3-7D7C16FFA15B}"
EndProject
Project("{FAE04EC0-301F-11D3-BF4B-00C04F79EFBC}") = "API", "API\API.csproj", "{2201C303-16A0-459A-A8DA-590321CE0728}"
EndProject
Project("{FAE04EC0-301F-11D3-BF4B-00C04F79EFBC}") = "Catalog", "Modules\Catalog\Catalog.csproj", "{CDB60805-1F2F-4BBB-B97E-51B183E53B89}"
EndProject
Project("{FAE04EC0-301F-11D3-BF4B-00C04F79EFBC}") = "Basket", "Modules\Basket\Basket.csproj", "{811BFF34-4969-4D05-B7D8-30759D45B1BE}"
EndProject
Project("{FAE04EC0-301F-11D3-BF4B-00C04F79EFBC}") = "Order", "Modules\Order\Order.csproj", "{7D834F6D-D181-4658-A171-550F84ADFB55}"
EndProject
Project("{FAE04EC0-301F-11D3-BF4B-00C04F79EFBC}") = "SharedKernel", "Shared\SharedKernel\SharedKernel.csproj", "{D75DC736-9A55-4BCC-876C-8BF7211CDA99}"
EndProject
Global
	GlobalSection(SolutionConfigurationPlatforms) = preSolution
		Debug|Any CPU = Debug|Any CPU
		Debug|x64 = Debug|x64
		Debug|x86 = Debug|x86
		Release|Any CPU = Release|Any CPU
		Release|x64 = Release|x64
		Release|x86 = Release|x86
	EndGlobalSection
	GlobalSection(ProjectConfigurationPlatforms) = postSolution
		{2201C303-16A0-459A-A8DA-590321CE0728}.Debug|Any CPU.ActiveCfg = Debug|Any CPU
		{2201C303-16A0-459A-A8DA-590321CE0728}.Debug|Any CPU.Build.0 = Debug|Any CPU
		{2201C303-16A0-459A-A8DA-590321CE0728}.Debug|x64.ActiveCfg = Debug|Any CPU
		{2201C303-16A0-459A-A8DA-590321CE0728}.Debug|x64.Build.0 = Debug|Any CPU
		{2201C303-16A0-459A-A8DA-590321CE0728}.Debug|x86.ActiveCfg = Debug|Any CPU
		{2201C303-16A0-459A-A8DA-590321CE0728}.Debug|x86.Build.0 = Debug|Any CPU
		{2201C303-16A0-459A-A8DA-590321CE0728}.Release|Any CPU.ActiveCfg = Release|Any CPU
		{2201C303-16A0-459A-A8DA-590321CE0728}.Release|Any CPU.Build.0 = Release|Any CPU
		{2201C303-16A0-459A-A8DA-590321CE0728}.Release|x64.ActiveCfg = Release|Any CPU
		{2201C303-16A0-459A-A8DA-590321CE0728}.Release|x64.Build.0 = Release|Any CPU
		{2201C303-16A0-459A-A8DA-590321CE0728}.Release|x86.ActiveCfg = Release|Any CPU
		{2201C303-16A0-459A-A8DA-590321CE0728}.Release|x86.Build.0 = Release|Any CPU
		{CDB60805-1F2F-4BBB-B97E-51B183E53B89}.Debug|Any CPU.ActiveCfg = Debug|Any CPU
		{CDB60805-1F2F-4BBB-B97E-51B183E53B89}.Debug|Any CPU.Build.0 = Debug|Any CPU
		{CDB60805-1F2F-4BBB-B97E-51B183E53B89}.Debug|x64.ActiveCfg = Debug|Any CPU
		{CDB60805-1F2F-4BBB-B97E-51B183E53B89}.Debug|x64.Build.0 = Debug|Any CPU
		{CDB60805-1F2F-4BBB-B97E-51B183E53B89}.Debug|x86.ActiveCfg = Debug|Any CPU
		{CDB60805-1F2F-4BBB-B97E-51B183E53B89}.Debug|x86.Build.0 = Debug|Any CPU
		{CDB60805-1F2F-4BBB-B97E-51B183E53B89}.Release|Any CPU.ActiveCfg = Release|Any CPU
		{CDB60805-1F2F-4BBB-B97E-51B183E53B89}.Release|Any CPU.Build.0 = Release|Any CPU
		{CDB60805-1F2F-4BBB-B97E-51B183E53B89}.Release|x64.ActiveCfg = Release|Any CPU
		{CDB60805-1F2F-4BBB-B97E-51B183E53B89}.Release|x64.Build.0 = Release|Any CPU
		{CDB60805-1F2F-4BBB-B97E-51B183E53B89}.Release|x86.ActiveCfg = Release|Any CPU
		{CDB60805-1F2F-4BBB-B97E-51B183E53B89}.Release|x86.Build.0 = Release|Any CPU
		{811BFF34-4969-4D05-B7D8-30759D45B1BE}.Debug|Any CPU.ActiveCfg = Debug|Any CPU
		{811BFF34-4969-4D05-B7D8-30759D45B1BE}.Debug|Any CPU.Build.0 = Debug|Any CPU
		{811BFF34-4969-4D05-B7D8-30759D45B1BE}.Debug|x64.ActiveCfg = Debug|Any CPU
		{811BFF34-4969-4D05-B7D8-30759D45B1BE}.Debug|x64.Build.0 = Debug|Any CPU
		{811BFF34-4969-4D05-B7D8-30759D45B1BE}.Debug|x86.ActiveCfg = Debug|Any CPU
		{811BFF34-4969-4D05-B7D8-30759D45B1BE}.Debug|x86.Build.0 = Debug|Any CPU
		{811BFF34-4969-4D05-B7D8-30759D45B1BE}.Release|Any CPU.ActiveCfg = Release|Any CPU
		{811BFF34-4969-4D05-B7D8-30759D45B1BE}.Release|Any CPU.Build.0 = Release|Any CPU
		{811BFF34-4969-4D05-B7D8-30759D45B1BE}.Release|x64.ActiveCfg = Release|Any CPU
		{811BFF34-4969-4D05-B7D8-30759D45B1BE}.Release|x64.Build.0 = Release|Any CPU
		{811BFF34-4969-4D05-B7D8-30759D45B1BE}.Release|x86.ActiveCfg = Release|Any CPU
		{811BFF34-4969-4D05-B7D8-30759D45B1BE}.Release|x86.Build.0 = Release|Any CPU
		{7D834F6D-D181-4658-A171-550F84ADFB55}.Debug|Any CPU.ActiveCfg = Debug|Any CPU
		{7D834F6D-D181-4658-A171-550F84ADFB55}.Debug|Any CPU.Build.0 = Debug|Any CPU
		{7D834F6D-D181-4658-A171-550F84ADFB55}.Debug|x64.ActiveCfg = Debug|Any CPU
		{7D834F6D-D181-4658-A171-550F84ADFB55}.Debug|x64.Build.0 = Debug|Any CPU
		{7D834F6D-D181-4658-A171-550F84ADFB55}.Debug|x86.ActiveCfg = Debug|Any CPU
		{7D834F6D-D181-4658-A171-550F84ADFB55}.Debug|x86.Build.0 = Debug|Any CPU
		{7D834F6D-D181-4658-A171-550F84ADFB55}.Release|Any CPU.ActiveCfg = Release|Any CPU
		{7D834F6D-D181-4658-A171-550F84ADFB55}.Release|Any CPU.Build.0 = Release|Any CPU
		{7D834F6D-D181-4658-A171-550F84ADFB55}.Release|x64.ActiveCfg = Release|Any CPU
		{7D834F6D-D181-4658-A171-550F84ADFB55}.Release|x64.Build.0 = Release|Any CPU
		{7D834F6D-D181-4658-A171-550F84ADFB55}.Release|x86.ActiveCfg = Release|Any CPU
		{7D834F6D-D181-4658-A171-550F84ADFB55}.Release|x86.Build.0 = Release|Any CPU
		{D75DC736-9A55-4BCC-876C-8BF7211CDA99}.Debug|Any CPU.ActiveCfg = Debug|Any CPU
		{D75DC736-9A55-4BCC-876C-8BF7211CDA99}.Debug|Any CPU.Build.0 = Debug|Any CPU
		{D75DC736-9A55-4BCC-876C-8BF7211CDA99}.Debug|x64.ActiveCfg = Debug|Any CPU
		{D75DC736-9A55-4BCC-876C-8BF7211CDA99}.Debug|x64.Build.0 = Debug|Any CPU
		{D75DC736-9A55-4BCC-876C-8BF7211CDA99}.Debug|x86.ActiveCfg = Debug|Any CPU
		{D75DC736-9A55-4BCC-876C-8BF7211CDA99}.Debug|x86.Build.0 = Debug|Any CPU
		{D75DC736-9A55-4BCC-876C-8BF7211CDA99}.Release|Any CPU.ActiveCfg = Release|Any CPU
		{D75DC736-9A55-4BCC-876C-8BF7211CDA99}.Release|Any CPU.Build.0 = Release|Any CPU
		{D75DC736-9A55-4BCC-876C-8BF7211CDA99}.Release|x64.ActiveCfg = Release|Any CPU
		{D75DC736-9A55-4BCC-876C-8BF7211CDA99}.Release|x64.Build.0 = Release|Any CPU
		{D75DC736-9A55-4BCC-876C-8BF7211CDA99}.Release|x86.ActiveCfg = Release|Any CPU
		{D75DC736-9A55-4BCC-876C-8BF7211CDA99}.Release|x86.Build.0 = Release|Any CPU
	EndGlobalSection
	GlobalSection(SolutionProperties) = preSolution
		HideSolutionNode = FALSE
	EndGlobalSection
	GlobalSection(NestedProjects) = preSolution
		{CDB60805-1F2F-4BBB-B97E-51B183E53B89} = {CA253913-39DE-BFD0-C9A3-4B7EC6FBDF17}
		{811BFF34-4969-4D05-B7D8-30759D45B1BE} = {CA253913-39DE-BFD0-C9A3-4B7EC6FBDF17}
		{7D834F6D-D181-4658-A171-550F84ADFB55} = {CA253913-39DE-BFD0-C9A3-4B7EC6FBDF17}
		{D75DC736-9A55-4BCC-876C-8BF7211CDA99} = {4F52FD11-658E-A102-6CD3-7D7C16FFA15B}
	EndGlobalSection
EndGlobal
